
Microsoft Visual Studio Solution File, Format Version 12.00
# Visual Studio 15
VisualStudioVersion = 15.0.27703.2042
MinimumVisualStudioVersion = 10.0.40219.1
Project("{9092AA53-FB77-4645-B42D-1CCCA6BD08BD}") = "EmptyNodeJsConsoleApp", "EmptyNodeJsConsoleApp\EmptyNodeJsConsoleApp.njsproj", "{6B7D6409-C171-4325-A45C-240C3961C547}"
EndProject
Global
	GlobalSection(SolutionConfigurationPlatforms) = preSolution
		Debug|Any CPU = Debug|Any CPU
		Release|Any CPU = Release|Any CPU
	EndGlobalSection
	GlobalSection(ProjectConfigurationPlatforms) = postSolution
		{6B7D6409-C171-4325-A45C-240C3961C547}.Debug|Any CPU.ActiveCfg = Debug|Any CPU
		{6B7D6409-C171-4325-A45C-240C3961C547}.Debug|Any CPU.Build.0 = Debug|Any CPU
		{6B7D6409-C171-4325-A45C-240C3961C547}.Release|Any CPU.ActiveCfg = Release|Any CPU
		{6B7D6409-C171-4325-A45C-240C3961C547}.Release|Any CPU.Build.0 = Release|Any CPU
	EndGlobalSection
	GlobalSection(SolutionProperties) = preSolution
		HideSolutionNode = FALSE
	EndGlobalSection
	GlobalSection(ExtensibilityGlobals) = postSolution
		SolutionGuid = {329834E9-0FB8-4316-BFFE-C08DDF0AA18E}
	EndGlobalSection
EndGlobal
